
Microsoft Visual Studio Solution File, Format Version 12.00
# Visual Studio 15
VisualStudioVersion = 15.0.28307.136
MinimumVisualStudioVersion = 10.0.40219.1
Project("{9A19103F-16F7-4668-BE54-9A1E7A4F7556}") = "BDTest", "BDTest\BDTest.csproj", "{D87A9590-13BA-4FFB-A628-FB9255C24260}"
EndProject
Project("{9A19103F-16F7-4668-BE54-9A1E7A4F7556}") = "BDTest.ReportGenerator", "BDTest.ReportGenerator\BDTest.ReportGenerator.csproj", "{98F7F6F8-8F89-4BDE-9CE0-AEA579019FCD}"
EndProject
Project("{9A19103F-16F7-4668-BE54-9A1E7A4F7556}") = "TestTester", "TestTester\TestTester.csproj", "{A884AAB7-CEE7-4D7A-B764-BAFB243CC07F}"
	ProjectSection(ProjectDependencies) = postProject
		{7073FC21-4C7D-4D86-BB3A-73A7FBE144F6} = {7073FC21-4C7D-4D86-BB3A-73A7FBE144F6}
		{D87A9590-13BA-4FFB-A628-FB9255C24260} = {D87A9590-13BA-4FFB-A628-FB9255C24260}
		{98F7F6F8-8F89-4BDE-9CE0-AEA579019FCD} = {98F7F6F8-8F89-4BDE-9CE0-AEA579019FCD}
	EndProjectSection
EndProject
Project("{9A19103F-16F7-4668-BE54-9A1E7A4F7556}") = "BDTest.NUnit", "BDTest.NUnit\BDTest.NUnit.csproj", "{7073FC21-4C7D-4D86-BB3A-73A7FBE144F6}"
EndProject
Project("{FAE04EC0-301F-11D3-BF4B-00C04F79EFBC}") = "BDTest.Example", "BDTest.Example\BDTest.Example.csproj", "{B3D175EA-D908-443D-8B2F-5B3E59492AD0}"
EndProject
Project("{FAE04EC0-301F-11D3-BF4B-00C04F79EFBC}") = "BDTest.Tests", "BDTest.Tests\BDTest.Tests.csproj", "{3E0458F3-4FA1-4A37-A84E-996B5CA2A87E}"
EndProject
Global
	GlobalSection(SolutionConfigurationPlatforms) = preSolution
		Debug|Any CPU = Debug|Any CPU
		Release|Any CPU = Release|Any CPU
	EndGlobalSection
	GlobalSection(ProjectConfigurationPlatforms) = postSolution
		{D87A9590-13BA-4FFB-A628-FB9255C24260}.Debug|Any CPU.ActiveCfg = Debug|Any CPU
		{D87A9590-13BA-4FFB-A628-FB9255C24260}.Debug|Any CPU.Build.0 = Debug|Any CPU
		{D87A9590-13BA-4FFB-A628-FB9255C24260}.Release|Any CPU.ActiveCfg = Release|Any CPU
		{D87A9590-13BA-4FFB-A628-FB9255C24260}.Release|Any CPU.Build.0 = Release|Any CPU
		{98F7F6F8-8F89-4BDE-9CE0-AEA579019FCD}.Debug|Any CPU.ActiveCfg = Debug|Any CPU
		{98F7F6F8-8F89-4BDE-9CE0-AEA579019FCD}.Debug|Any CPU.Build.0 = Debug|Any CPU
		{98F7F6F8-8F89-4BDE-9CE0-AEA579019FCD}.Release|Any CPU.ActiveCfg = Release|Any CPU
		{98F7F6F8-8F89-4BDE-9CE0-AEA579019FCD}.Release|Any CPU.Build.0 = Release|Any CPU
		{A884AAB7-CEE7-4D7A-B764-BAFB243CC07F}.Debug|Any CPU.ActiveCfg = Debug|Any CPU
		{A884AAB7-CEE7-4D7A-B764-BAFB243CC07F}.Debug|Any CPU.Build.0 = Debug|Any CPU
		{A884AAB7-CEE7-4D7A-B764-BAFB243CC07F}.Release|Any CPU.ActiveCfg = Release|Any CPU
		{A884AAB7-CEE7-4D7A-B764-BAFB243CC07F}.Release|Any CPU.Build.0 = Release|Any CPU
		{7073FC21-4C7D-4D86-BB3A-73A7FBE144F6}.Debug|Any CPU.ActiveCfg = Debug|Any CPU
		{7073FC21-4C7D-4D86-BB3A-73A7FBE144F6}.Debug|Any CPU.Build.0 = Debug|Any CPU
		{7073FC21-4C7D-4D86-BB3A-73A7FBE144F6}.Release|Any CPU.ActiveCfg = Release|Any CPU
		{7073FC21-4C7D-4D86-BB3A-73A7FBE144F6}.Release|Any CPU.Build.0 = Release|Any CPU
		{B3D175EA-D908-443D-8B2F-5B3E59492AD0}.Debug|Any CPU.ActiveCfg = Debug|Any CPU
		{B3D175EA-D908-443D-8B2F-5B3E59492AD0}.Debug|Any CPU.Build.0 = Debug|Any CPU
		{B3D175EA-D908-443D-8B2F-5B3E59492AD0}.Release|Any CPU.ActiveCfg = Release|Any CPU
		{B3D175EA-D908-443D-8B2F-5B3E59492AD0}.Release|Any CPU.Build.0 = Release|Any CPU
		{3E0458F3-4FA1-4A37-A84E-996B5CA2A87E}.Debug|Any CPU.ActiveCfg = Debug|Any CPU
		{3E0458F3-4FA1-4A37-A84E-996B5CA2A87E}.Debug|Any CPU.Build.0 = Debug|Any CPU
		{3E0458F3-4FA1-4A37-A84E-996B5CA2A87E}.Release|Any CPU.ActiveCfg = Release|Any CPU
		{3E0458F3-4FA1-4A37-A84E-996B5CA2A87E}.Release|Any CPU.Build.0 = Release|Any CPU
	EndGlobalSection
	GlobalSection(SolutionProperties) = preSolution
		HideSolutionNode = FALSE
	EndGlobalSection
	GlobalSection(ExtensibilityGlobals) = postSolution
		SolutionGuid = {6B96ED1F-5F80-4804-8EBD-085F44ACDB30}
	EndGlobalSection
EndGlobal
