
Microsoft Visual Studio Solution File, Format Version 12.00
# Visual Studio 15
VisualStudioVersion = 15.0.28307.136
MinimumVisualStudioVersion = 10.0.40219.1
Project("{9A19103F-16F7-4668-BE54-9A1E7A4F7556}") = "BDTest", "BDTest\BDTest.csproj", "{D87A9590-13BA-4FFB-A628-FB9255C24260}"
EndProject
Project("{9A19103F-16F7-4668-BE54-9A1E7A4F7556}") = "BDTest.ReportGenerator", "BDTest.ReportGenerator\BDTest.ReportGenerator.csproj", "{98F7F6F8-8F89-4BDE-9CE0-AEA579019FCD}"
EndProject
Project("{9A19103F-16F7-4668-BE54-9A1E7A4F7556}") = "BDTest.NUnit", "BDTest.NUnit\BDTest.NUnit.csproj", "{7073FC21-4C7D-4D86-BB3A-73A7FBE144F6}"
EndProject
Project("{FAE04EC0-301F-11D3-BF4B-00C04F79EFBC}") = "BDTest.Example", "BDTest.Example\BDTest.Example.csproj", "{B3D175EA-D908-443D-8B2F-5B3E59492AD0}"
EndProject
Project("{FAE04EC0-301F-11D3-BF4B-00C04F79EFBC}") = "BDTest.Tests", "BDTest.Tests\BDTest.Tests.csproj", "{3E0458F3-4FA1-4A37-A84E-996B5CA2A87E}"
EndProject
Project("{FAE04EC0-301F-11D3-BF4B-00C04F79EFBC}") = "BDTest.ReportGenerator.RazorServer", "BDTest.ReportGenerator.RazorServer\BDTest.ReportGenerator.RazorServer.csproj", "{26D8DE39-2C9D-402D-A769-B7A8FBDF26BA}"
EndProject
Project("{FAE04EC0-301F-11D3-BF4B-00C04F79EFBC}") = "BDTest.NetCore.Razor.ReportMiddleware", "BDTest.NetCore.Razor.ReportMiddleware\BDTest.NetCore.Razor.ReportMiddleware.csproj", "{867F1CC0-47A0-4EDA-AD5F-D2E128C92790}"
EndProject
Project("{FAE04EC0-301F-11D3-BF4B-00C04F79EFBC}") = "BDTest.xUnit", "BDTest.xUnit\BDTest.xUnit.csproj", "{2E34B6A0-0A21-4F56-8420-2BE71824D7C5}"
EndProject
Project("{FAE04EC0-301F-11D3-BF4B-00C04F79EFBC}") = "BDTest.MSTest", "BDTest.MSTest\BDTest.MSTest.csproj", "{77FBDE60-B5B3-498E-913B-C542EFB0AB4D}"
EndProject
Project("{FAE04EC0-301F-11D3-BF4B-00C04F79EFBC}") = "BDTest.xUnit.Tests", "BDTest.xUnit.Tests\BDTest.xUnit.Tests.csproj", "{558B4094-1698-4B57-A57D-D57A507F3818}"
EndProject
Global
	GlobalSection(SolutionConfigurationPlatforms) = preSolution
		Debug|Any CPU = Debug|Any CPU
		Release|Any CPU = Release|Any CPU
	EndGlobalSection
	GlobalSection(ProjectConfigurationPlatforms) = postSolution
		{D87A9590-13BA-4FFB-A628-FB9255C24260}.Debug|Any CPU.ActiveCfg = Debug|Any CPU
		{D87A9590-13BA-4FFB-A628-FB9255C24260}.Debug|Any CPU.Build.0 = Debug|Any CPU
		{D87A9590-13BA-4FFB-A628-FB9255C24260}.Release|Any CPU.ActiveCfg = Release|Any CPU
		{D87A9590-13BA-4FFB-A628-FB9255C24260}.Release|Any CPU.Build.0 = Release|Any CPU
		{98F7F6F8-8F89-4BDE-9CE0-AEA579019FCD}.Debug|Any CPU.ActiveCfg = Debug|Any CPU
		{98F7F6F8-8F89-4BDE-9CE0-AEA579019FCD}.Debug|Any CPU.Build.0 = Debug|Any CPU
		{98F7F6F8-8F89-4BDE-9CE0-AEA579019FCD}.Release|Any CPU.ActiveCfg = Release|Any CPU
		{98F7F6F8-8F89-4BDE-9CE0-AEA579019FCD}.Release|Any CPU.Build.0 = Release|Any CPU
		{7073FC21-4C7D-4D86-BB3A-73A7FBE144F6}.Debug|Any CPU.ActiveCfg = Debug|Any CPU
		{7073FC21-4C7D-4D86-BB3A-73A7FBE144F6}.Debug|Any CPU.Build.0 = Debug|Any CPU
		{7073FC21-4C7D-4D86-BB3A-73A7FBE144F6}.Release|Any CPU.ActiveCfg = Release|Any CPU
		{7073FC21-4C7D-4D86-BB3A-73A7FBE144F6}.Release|Any CPU.Build.0 = Release|Any CPU
		{B3D175EA-D908-443D-8B2F-5B3E59492AD0}.Debug|Any CPU.ActiveCfg = Debug|Any CPU
		{B3D175EA-D908-443D-8B2F-5B3E59492AD0}.Debug|Any CPU.Build.0 = Debug|Any CPU
		{B3D175EA-D908-443D-8B2F-5B3E59492AD0}.Release|Any CPU.ActiveCfg = Release|Any CPU
		{B3D175EA-D908-443D-8B2F-5B3E59492AD0}.Release|Any CPU.Build.0 = Release|Any CPU
		{3E0458F3-4FA1-4A37-A84E-996B5CA2A87E}.Debug|Any CPU.ActiveCfg = Debug|Any CPU
		{3E0458F3-4FA1-4A37-A84E-996B5CA2A87E}.Debug|Any CPU.Build.0 = Debug|Any CPU
		{3E0458F3-4FA1-4A37-A84E-996B5CA2A87E}.Release|Any CPU.ActiveCfg = Release|Any CPU
		{3E0458F3-4FA1-4A37-A84E-996B5CA2A87E}.Release|Any CPU.Build.0 = Release|Any CPU
		{26D8DE39-2C9D-402D-A769-B7A8FBDF26BA}.Debug|Any CPU.ActiveCfg = Debug|Any CPU
		{26D8DE39-2C9D-402D-A769-B7A8FBDF26BA}.Debug|Any CPU.Build.0 = Debug|Any CPU
		{26D8DE39-2C9D-402D-A769-B7A8FBDF26BA}.Release|Any CPU.ActiveCfg = Release|Any CPU
		{26D8DE39-2C9D-402D-A769-B7A8FBDF26BA}.Release|Any CPU.Build.0 = Release|Any CPU
		{867F1CC0-47A0-4EDA-AD5F-D2E128C92790}.Debug|Any CPU.ActiveCfg = Debug|Any CPU
		{867F1CC0-47A0-4EDA-AD5F-D2E128C92790}.Debug|Any CPU.Build.0 = Debug|Any CPU
		{867F1CC0-47A0-4EDA-AD5F-D2E128C92790}.Release|Any CPU.ActiveCfg = Release|Any CPU
		{867F1CC0-47A0-4EDA-AD5F-D2E128C92790}.Release|Any CPU.Build.0 = Release|Any CPU
		{2E34B6A0-0A21-4F56-8420-2BE71824D7C5}.Debug|Any CPU.ActiveCfg = Debug|Any CPU
		{2E34B6A0-0A21-4F56-8420-2BE71824D7C5}.Debug|Any CPU.Build.0 = Debug|Any CPU
		{2E34B6A0-0A21-4F56-8420-2BE71824D7C5}.Release|Any CPU.ActiveCfg = Release|Any CPU
		{2E34B6A0-0A21-4F56-8420-2BE71824D7C5}.Release|Any CPU.Build.0 = Release|Any CPU
		{77FBDE60-B5B3-498E-913B-C542EFB0AB4D}.Debug|Any CPU.ActiveCfg = Debug|Any CPU
		{77FBDE60-B5B3-498E-913B-C542EFB0AB4D}.Debug|Any CPU.Build.0 = Debug|Any CPU
		{77FBDE60-B5B3-498E-913B-C542EFB0AB4D}.Release|Any CPU.ActiveCfg = Release|Any CPU
		{77FBDE60-B5B3-498E-913B-C542EFB0AB4D}.Release|Any CPU.Build.0 = Release|Any CPU
		{558B4094-1698-4B57-A57D-D57A507F3818}.Debug|Any CPU.ActiveCfg = Debug|Any CPU
		{558B4094-1698-4B57-A57D-D57A507F3818}.Debug|Any CPU.Build.0 = Debug|Any CPU
		{558B4094-1698-4B57-A57D-D57A507F3818}.Release|Any CPU.ActiveCfg = Release|Any CPU
		{558B4094-1698-4B57-A57D-D57A507F3818}.Release|Any CPU.Build.0 = Release|Any CPU
	EndGlobalSection
	GlobalSection(SolutionProperties) = preSolution
		HideSolutionNode = FALSE
	EndGlobalSection
	GlobalSection(ExtensibilityGlobals) = postSolution
		SolutionGuid = {6B96ED1F-5F80-4804-8EBD-085F44ACDB30}
	EndGlobalSection
EndGlobal
